// !$*UTF8*$!
{
	archiveVersion = 1;
	classes = {
	};
	objectVersion = 50;
	objects = {

/* Begin PBXBuildFile section */
		7B6FC44F22F8113300D4890A /* AppDelegate.m in Sources */ = {isa = PBXBuildFile; fileRef = 7B6FC44E22F8113300D4890A /* AppDelegate.m */; };
		7B6FC45222F8113300D4890A /* ViewController.m in Sources */ = {isa = PBXBuildFile; fileRef = 7B6FC45122F8113300D4890A /* ViewController.m */; };
		7B6FC45522F8113300D4890A /* Main.storyboard in Resources */ = {isa = PBXBuildFile; fileRef = 7B6FC45322F8113300D4890A /* Main.storyboard */; };
		7B6FC45722F8113500D4890A /* Assets.xcassets in Resources */ = {isa = PBXBuildFile; fileRef = 7B6FC45622F8113500D4890A /* Assets.xcassets */; };
		7B6FC45A22F8113500D4890A /* LaunchScreen.storyboard in Resources */ = {isa = PBXBuildFile; fileRef = 7B6FC45822F8113500D4890A /* LaunchScreen.storyboard */; };
		7B6FC45D22F8113500D4890A /* main.m in Sources */ = {isa = PBXBuildFile; fileRef = 7B6FC45C22F8113500D4890A /* main.m */; };
		7B6FC46522FAB37900D4890A /* TicketManager.m in Sources */ = {isa = PBXBuildFile; fileRef = 7B6FC46422FAB37900D4890A /* TicketManager.m */; };
/* End PBXBuildFile section */

/* Begin PBXFileReference section */
		7B6FC44A22F8113300D4890A /* 多线程---NSThread_Test.app */ = {isa = PBXFileReference; explicitFileType = wrapper.application; includeInIndex = 0; path = "多线程---NSThread_Test.app"; sourceTree = BUILT_PRODUCTS_DIR; };
		7B6FC44D22F8113300D4890A /* AppDelegate.h */ = {isa = PBXFileReference; lastKnownFileType = sourcecode.c.h; path = AppDelegate.h; sourceTree = "<group>"; };
		7B6FC44E22F8113300D4890A /* AppDelegate.m */ = {isa = PBXFileReference; lastKnownFileType = sourcecode.c.objc; path = AppDelegate.m; sourceTree = "<group>"; };
		7B6FC45022F8113300D4890A /* ViewController.h */ = {isa = PBXFileReference; lastKnownFileType = sourcecode.c.h; path = ViewController.h; sourceTree = "<group>"; };
		7B6FC45122F8113300D4890A /* ViewController.m */ = {isa = PBXFileReference; lastKnownFileType = sourcecode.c.objc; path = ViewController.m; sourceTree = "<group>"; };
		7B6FC45422F8113300D4890A /* Base */ = {isa = PBXFileReference; lastKnownFileType = file.storyboard; name = Base; path = Base.lproj/Main.storyboard; sourceTree = "<group>"; };
		7B6FC45622F8113500D4890A /* Assets.xcassets */ = {isa = PBXFileReference; lastKnownFileType = folder.assetcatalog; path = Assets.xcassets; sourceTree = "<group>"; };
		7B6FC45922F8113500D4890A /* Base */ = {isa = PBXFileReference; lastKnownFileType = file.storyboard; name = Base; path = Base.lproj/LaunchScreen.storyboard; sourceTree = "<group>"; };
		7B6FC45B22F8113500D4890A /* Info.plist */ = {isa = PBXFileReference; lastKnownFileType = text.plist.xml; path = Info.plist; sourceTree = "<group>"; };
		7B6FC45C22F8113500D4890A /* main.m */ = {isa = PBXFileReference; lastKnownFileType = sourcecode.c.objc; path = main.m; sourceTree = "<group>"; };
		7B6FC46322FAB37900D4890A /* TicketManager.h */ = {isa = PBXFileReference; lastKnownFileType = sourcecode.c.h; path = TicketManager.h; sourceTree = "<group>"; };
		7B6FC46422FAB37900D4890A /* TicketManager.m */ = {isa = PBXFileReference; lastKnownFileType = sourcecode.c.objc; path = TicketManager.m; sourceTree = "<group>"; };
/* End PBXFileReference section */

/* Begin PBXFrameworksBuildPhase section */
		7B6FC44722F8113300D4890A /* Frameworks */ = {
			isa = PBXFrameworksBuildPhase;
			buildActionMask = 2147483647;
			files = (
			);
			runOnlyForDeploymentPostprocessing = 0;
		};
/* End PBXFrameworksBuildPhase section */

/* Begin PBXGroup section */
		7B6FC44122F8113300D4890A = {
			isa = PBXGroup;
			children = (
				7B6FC44C22F8113300D4890A /* 多线程---NSThread_Test */,
				7B6FC44B22F8113300D4890A /* Products */,
			);
			sourceTree = "<group>";
		};
		7B6FC44B22F8113300D4890A /* Products */ = {
			isa = PBXGroup;
			children = (
				7B6FC44A22F8113300D4890A /* 多线程---NSThread_Test.app */,
			);
			name = Products;
			sourceTree = "<group>";
		};
		7B6FC44C22F8113300D4890A /* 多线程---NSThread_Test */ = {
			isa = PBXGroup;
			children = (
				7B6FC44D22F8113300D4890A /* AppDelegate.h */,
				7B6FC44E22F8113300D4890A /* AppDelegate.m */,
				7B6FC45022F8113300D4890A /* ViewController.h */,
				7B6FC45122F8113300D4890A /* ViewController.m */,
				7B6FC46322FAB37900D4890A /* TicketManager.h */,
				7B6FC46422FAB37900D4890A /* TicketManager.m */,
				7B6FC45322F8113300D4890A /* Main.storyboard */,
				7B6FC45622F8113500D4890A /* Assets.xcassets */,
				7B6FC45822F8113500D4890A /* LaunchScreen.storyboard */,
				7B6FC45B22F8113500D4890A /* Info.plist */,
				7B6FC45C22F8113500D4890A /* main.m */,
			);
			path = "多线程---NSThread_Test";
			sourceTree = "<group>";
		};
/* End PBXGroup section */

/* Begin PBXNativeTarget section */
		7B6FC44922F8113300D4890A /* 多线程---NSThread_Test */ = {
			isa = PBXNativeTarget;
			buildConfigurationList = 7B6FC46022F8113500D4890A /* Build configuration list for PBXNativeTarget "多线程---NSThread_Test" */;
			buildPhases = (
				7B6FC44622F8113300D4890A /* Sources */,
				7B6FC44722F8113300D4890A /* Frameworks */,
				7B6FC44822F8113300D4890A /* Resources */,
			);
			buildRules = (
			);
			dependencies = (
			);
			name = "多线程---NSThread_Test";
			productName = "多线程---NSThread_Test";
			productReference = 7B6FC44A22F8113300D4890A /* 多线程---NSThread_Test.app */;
			productType = "com.apple.product-type.application";
		};
/* End PBXNativeTarget section */

/* Begin PBXProject section */
		7B6FC44222F8113300D4890A /* Project object */ = {
			isa = PBXProject;
			attributes = {
				LastUpgradeCheck = 1030;
				ORGANIZATIONNAME = CJW;
				TargetAttributes = {
					7B6FC44922F8113300D4890A = {
						CreatedOnToolsVersion = 10.3;
					};
				};
			};
			buildConfigurationList = 7B6FC44522F8113300D4890A /* Build configuration list for PBXProject "多线程---NSThread_Test" */;
			compatibilityVersion = "Xcode 9.3";
			developmentRegion = en;
			hasScannedForEncodings = 0;
			knownRegions = (
				en,
				Base,
			);
			mainGroup = 7B6FC44122F8113300D4890A;
			productRefGroup = 7B6FC44B22F8113300D4890A /* Products */;
			projectDirPath = "";
			projectRoot = "";
			targets = (
				7B6FC44922F8113300D4890A /* 多线程---NSThread_Test */,
			);
		};
/* End PBXProject section */

/* Begin PBXResourcesBuildPhase section */
		7B6FC44822F8113300D4890A /* Resources */ = {
			isa = PBXResourcesBuildPhase;
			buildActionMask = 2147483647;
			files = (
				7B6FC45A22F8113500D4890A /* LaunchScreen.storyboard in Resources */,
				7B6FC45722F8113500D4890A /* Assets.xcassets in Resources */,
				7B6FC45522F8113300D4890A /* Main.storyboard in Resources */,
			);
			runOnlyForDeploymentPostprocessing = 0;
		};
/* End PBXResourcesBuildPhase section */

/* Begin PBXSourcesBuildPhase section */
		7B6FC44622F8113300D4890A /* Sources */ = {
			isa = PBXSourcesBuildPhase;
			buildActionMask = 2147483647;
			files = (
				7B6FC45222F8113300D4890A /* ViewController.m in Sources */,
				7B6FC46522FAB37900D4890A /* TicketManager.m in Sources */,
				7B6FC45D22F8113500D4890A /* main.m in Sources */,
				7B6FC44F22F8113300D4890A /* AppDelegate.m in Sources */,
			);
			runOnlyForDeploymentPostprocessing = 0;
		};
/* End PBXSourcesBuildPhase section */

/* Begin PBXVariantGroup section */
		7B6FC45322F8113300D4890A /* Main.storyboard */ = {
			isa = PBXVariantGroup;
			children = (
				7B6FC45422F8113300D4890A /* Base */,
			);
			name = Main.storyboard;
			sourceTree = "<group>";
		};
		7B6FC45822F8113500D4890A /* LaunchScreen.storyboard */ = {
			isa = PBXVariantGroup;
			children = (
				7B6FC45922F8113500D4890A /* Base */,
			);
			name = LaunchScreen.storyboard;
			sourceTree = "<group>";
		};
/* End PBXVariantGroup section */

/* Begin XCBuildConfiguration section */
		7B6FC45E22F8113500D4890A /* Debug */ = {
			isa = XCBuildConfiguration;
			buildSettings = {
				ALWAYS_SEARCH_USER_PATHS = NO;
				CLANG_ANALYZER_NONNULL = YES;
				CLANG_ANALYZER_NUMBER_OBJECT_CONVERSION = YES_AGGRESSIVE;
				CLANG_CXX_LANGUAGE_STANDARD = "gnu++14";
				CLANG_CXX_LIBRARY = "libc++";
				CLANG_ENABLE_MODULES = YES;
				CLANG_ENABLE_OBJC_ARC = YES;
				CLANG_ENABLE_OBJC_WEAK = YES;
				CLANG_WARN_BLOCK_CAPTURE_AUTORELEASING = YES;
				CLANG_WARN_BOOL_CONVERSION = YES;
				CLANG_WARN_COMMA = YES;
				CLANG_WARN_CONSTANT_CONVERSION = YES;
				CLANG_WARN_DEPRECATED_OBJC_IMPLEMENTATIONS = YES;
				CLANG_WARN_DIRECT_OBJC_ISA_USAGE = YES_ERROR;
				CLANG_WARN_DOCUMENTATION_COMMENTS = YES;
				CLANG_WARN_EMPTY_BODY = YES;
				CLANG_WARN_ENUM_CONVERSION = YES;
				CLANG_WARN_INFINITE_RECURSION = YES;
				CLANG_WARN_INT_CONVERSION = YES;
				CLANG_WARN_NON_LITERAL_NULL_CONVERSION = YES;
				CLANG_WARN_OBJC_IMPLICIT_RETAIN_SELF = YES;
				CLANG_WARN_OBJC_LITERAL_CONVERSION = YES;
				CLANG_WARN_OBJC_ROOT_CLASS = YES_ERROR;
				CLANG_WARN_RANGE_LOOP_ANALYSIS = YES;
				CLANG_WARN_STRICT_PROTOTYPES = YES;
				CLANG_WARN_SUSPICIOUS_MOVE = YES;
				CLANG_WARN_UNGUARDED_AVAILABILITY = YES_AGGRESSIVE;
				CLANG_WARN_UNREACHABLE_CODE = YES;
				CLANG_WARN__DUPLICATE_METHOD_MATCH = YES;
				CODE_SIGN_IDENTITY = "iPhone Developer";
				COPY_PHASE_STRIP = NO;
				DEBUG_INFORMATION_FORMAT = dwarf;
				ENABLE_STRICT_OBJC_MSGSEND = YES;
				ENABLE_TESTABILITY = YES;
				GCC_C_LANGUAGE_STANDARD = gnu11;
				GCC_DYNAMIC_NO_PIC = NO;
				GCC_NO_COMMON_BLOCKS = YES;
				GCC_OPTIMIZATION_LEVEL = 0;
				GCC_PREPROCESSOR_DEFINITIONS = (
					"DEBUG=1",
					"$(inherited)",
				);
				GCC_WARN_64_TO_32_BIT_CONVERSION = YES;
				GCC_WARN_ABOUT_RETURN_TYPE = YES_ERROR;
				GCC_WARN_UNDECLARED_SELECTOR = YES;
				GCC_WARN_UNINITIALIZED_AUTOS = YES_AGGRESSIVE;
				GCC_WARN_UNUSED_FUNCTION = YES;
				GCC_WARN_UNUSED_VARIABLE = YES;
				IPHONEOS_DEPLOYMENT_TARGET = 8.1;
				MTL_ENABLE_DEBUG_INFO = INCLUDE_SOURCE;
				MTL_FAST_MATH = YES;
				ONLY_ACTIVE_ARCH = YES;
				SDKROOT = iphoneos;
			};
			name = Debug;
		};
		7B6FC45F22F8113500D4890A /* Release */ = {
			isa = XCBuildConfiguration;
			buildSettings = {
				ALWAYS_SEARCH_USER_PATHS = NO;
				CLANG_ANALYZER_NONNULL = YES;
				CLANG_ANALYZER_NUMBER_OBJECT_CONVERSION = YES_AGGRESSIVE;
				CLANG_CXX_LANGUAGE_STANDARD = "gnu++14";
				CLANG_CXX_LIBRARY = "libc++";
				CLANG_ENABLE_MODULES = YES;
				CLANG_ENABLE_OBJC_ARC = YES;
				CLANG_ENABLE_OBJC_WEAK = YES;
				CLANG_WARN_BLOCK_CAPTURE_AUTORELEASING = YES;
				CLANG_WARN_BOOL_CONVERSION = YES;
				CLANG_WARN_COMMA = YES;
				CLANG_WARN_CONSTANT_CONVERSION = YES;
				CLANG_WARN_DEPRECATED_OBJC_IMPLEMENTATIONS = YES;
				CLANG_WARN_DIRECT_OBJC_ISA_USAGE = YES_ERROR;
				CLANG_WARN_DOCUMENTATION_COMMENTS = YES;
				CLANG_WARN_EMPTY_BODY = YES;
				CLANG_WARN_ENUM_CONVERSION = YES;
				CLANG_WARN_INFINITE_RECURSION = YES;
				CLANG_WARN_INT_CONVERSION = YES;
				CLANG_WARN_NON_LITERAL_NULL_CONVERSION = YES;
				CLANG_WARN_OBJC_IMPLICIT_RETAIN_SELF = YES;
				CLANG_WARN_OBJC_LITERAL_CONVERSION = YES;
				CLANG_WARN_OBJC_ROOT_CLASS = YES_ERROR;
				CLANG_WARN_RANGE_LOOP_ANALYSIS = YES;
				CLANG_WARN_STRICT_PROTOTYPES = YES;
				CLANG_WARN_SUSPICIOUS_MOVE = YES;
				CLANG_WARN_UNGUARDED_AVAILABILITY = YES_AGGRESSIVE;
				CLANG_WARN_UNREACHABLE_CODE = YES;
				CLANG_WARN__DUPLICATE_METHOD_MATCH = YES;
				CODE_SIGN_IDENTITY = "iPhone Developer";
				COPY_PHASE_STRIP = NO;
				DEBUG_INFORMATION_FORMAT = "dwarf-with-dsym";
				ENABLE_NS_ASSERTIONS = NO;
				ENABLE_STRICT_OBJC_MSGSEND = YES;
				GCC_C_LANGUAGE_STANDARD = gnu11;
				GCC_NO_COMMON_BLOCKS = YES;
				GCC_WARN_64_TO_32_BIT_CONVERSION = YES;
				GCC_WARN_ABOUT_RETURN_TYPE = YES_ERROR;
				GCC_WARN_UNDECLARED_SELECTOR = YES;
				GCC_WARN_UNINITIALIZED_AUTOS = YES_AGGRESSIVE;
				GCC_WARN_UNUSED_FUNCTION = YES;
				GCC_WARN_UNUSED_VARIABLE = YES;
				IPHONEOS_DEPLOYMENT_TARGET = 8.1;
				MTL_ENABLE_DEBUG_INFO = NO;
				MTL_FAST_MATH = YES;
				SDKROOT = iphoneos;
				VALIDATE_PRODUCT = YES;
			};
			name = Release;
		};
		7B6FC46122F8113500D4890A /* Debug */ = {
			isa = XCBuildConfiguration;
			buildSettings = {
				ASSETCATALOG_COMPILER_APPICON_NAME = AppIcon;
				CODE_SIGN_STYLE = Automatic;
				DEVELOPMENT_TEAM = R69Y3QBT64;
				INFOPLIST_FILE = "多线程---NSThread_Test/Info.plist";
				LD_RUNPATH_SEARCH_PATHS = (
					"$(inherited)",
					"@executable_path/Frameworks",
				);
				PRODUCT_BUNDLE_IDENTIFIER = "com.cjwsc.------NSThread-Test";
				PRODUCT_NAME = "$(TARGET_NAME)";
				TARGETED_DEVICE_FAMILY = "1,2";
			};
			name = Debug;
		};
		7B6FC46222F8113500D4890A /* Release */ = {
			isa = XCBuildConfiguration;
			buildSettings = {
				ASSETCATALOG_COMPILER_APPICON_NAME = AppIcon;
				CODE_SIGN_STYLE = Automatic;
				DEVELOPMENT_TEAM = R69Y3QBT64;
				INFOPLIST_FILE = "多线程---NSThread_Test/Info.plist";
				LD_RUNPATH_SEARCH_PATHS = (
					"$(inherited)",
					"@executable_path/Frameworks",
				);
				PRODUCT_BUNDLE_IDENTIFIER = "com.cjwsc.------NSThread-Test";
				PRODUCT_NAME = "$(TARGET_NAME)";
				TARGETED_DEVICE_FAMILY = "1,2";
			};
			name = Release;
		};
/* End XCBuildConfiguration section */

/* Begin XCConfigurationList section */
		7B6FC44522F8113300D4890A /* Build configuration list for PBXProject "多线程---NSThread_Test" */ = {
			isa = XCConfigurationList;
			buildConfigurations = (
				7B6FC45E22F8113500D4890A /* Debug */,
				7B6FC45F22F8113500D4890A /* Release */,
			);
			defaultConfigurationIsVisible = 0;
			defaultConfigurationName = Release;
		};
		7B6FC46022F8113500D4890A /* Build configuration list for PBXNativeTarget "多线程---NSThread_Test" */ = {
			isa = XCConfigurationList;
			buildConfigurations = (
				7B6FC46122F8113500D4890A /* Debug */,
				7B6FC46222F8113500D4890A /* Release */,
			);
			defaultConfigurationIsVisible = 0;
			defaultConfigurationName = Release;
		};
/* End XCConfigurationList section */
	};
	rootObject = 7B6FC44222F8113300D4890A /* Project object */;
}
